
Microsoft Visual Studio Solution File, Format Version 12.00
# Visual Studio Version 17
VisualStudioVersion = 17.11.35219.272
MinimumVisualStudioVersion = 10.0.40219.1
Project("{8BC9CEB8-8B4A-11D0-8D11-00A0C91BC942}") = "Multithreading_The_Big_3", "Multithreading_The_Big_3\Multithreading_The_Big_3.vcxproj", "{5A52AEC1-EE19-4BCC-89CF-E0DC181A542A}"
EndProject
Global
	GlobalSection(SolutionConfigurationPlatforms) = preSolution
		Debug|x64 = Debug|x64
		Debug|x86 = Debug|x86
		Release|x64 = Release|x64
		Release|x86 = Release|x86
	EndGlobalSection
	GlobalSection(ProjectConfigurationPlatforms) = postSolution
		{5A52AEC1-EE19-4BCC-89CF-E0DC181A542A}.Debug|x64.ActiveCfg = Debug|x64
		{5A52AEC1-EE19-4BCC-89CF-E0DC181A542A}.Debug|x64.Build.0 = Debug|x64
		{5A52AEC1-EE19-4BCC-89CF-E0DC181A542A}.Debug|x86.ActiveCfg = Debug|Win32
		{5A52AEC1-EE19-4BCC-89CF-E0DC181A542A}.Debug|x86.Build.0 = Debug|Win32
		{5A52AEC1-EE19-4BCC-89CF-E0DC181A542A}.Release|x64.ActiveCfg = Release|x64
		{5A52AEC1-EE19-4BCC-89CF-E0DC181A542A}.Release|x64.Build.0 = Release|x64
		{5A52AEC1-EE19-4BCC-89CF-E0DC181A542A}.Release|x86.ActiveCfg = Release|Win32
		{5A52AEC1-EE19-4BCC-89CF-E0DC181A542A}.Release|x86.Build.0 = Release|Win32
	EndGlobalSection
	GlobalSection(SolutionProperties) = preSolution
		HideSolutionNode = FALSE
	EndGlobalSection
	GlobalSection(ExtensibilityGlobals) = postSolution
		SolutionGuid = {4B49CE9A-5C02-444B-B453-A4D8271BF6E7}
	EndGlobalSection
EndGlobal
